PODS:
  - SegmentViewController (0.1.0)

DEPENDENCIES:
  - SegmentViewController (from `../`)

EXTERNAL SOURCES:
  SegmentViewController:
    :path: "../"

SPEC CHECKSUMS:
  SegmentViewController: c567f3b82c2b15d32e511aa065fa14b5a596bc64

PODFILE CHECKSUM: ed6c017413cb132ad33c3b194899939b425f1bdc

COCOAPODS: 1.5.2
